
Microsoft Visual Studio Solution File, Format Version 12.00
# Visual Studio 14
VisualStudioVersion = 14.0.25420.1
MinimumVisualStudioVersion = 10.0.40219.1
Project("{FAE04EC0-301F-11D3-BF4B-00C04F79EFBC}") = "Modulo2.Leccion2.Android.Activities", "Modulo2.Leccion2.Android.Activities\Modulo2.Leccion2.Android.Activities.csproj", "{23EFD4DE-3994-442C-A3AA-9B52E88B9D89}"
EndProject
Global
	GlobalSection(SolutionConfigurationPlatforms) = preSolution
		Debug|Any CPU = Debug|Any CPU
		Release|Any CPU = Release|Any CPU
	EndGlobalSection
	GlobalSection(ProjectConfigurationPlatforms) = postSolution
		{23EFD4DE-3994-442C-A3AA-9B52E88B9D89}.Debug|Any CPU.ActiveCfg = Debug|Any CPU
		{23EFD4DE-3994-442C-A3AA-9B52E88B9D89}.Debug|Any CPU.Build.0 = Debug|Any CPU
		{23EFD4DE-3994-442C-A3AA-9B52E88B9D89}.Debug|Any CPU.Deploy.0 = Debug|Any CPU
		{23EFD4DE-3994-442C-A3AA-9B52E88B9D89}.Release|Any CPU.ActiveCfg = Release|Any CPU
		{23EFD4DE-3994-442C-A3AA-9B52E88B9D89}.Release|Any CPU.Build.0 = Release|Any CPU
		{23EFD4DE-3994-442C-A3AA-9B52E88B9D89}.Release|Any CPU.Deploy.0 = Release|Any CPU
	EndGlobalSection
	GlobalSection(SolutionProperties) = preSolution
		HideSolutionNode = FALSE
	EndGlobalSection
EndGlobal
